
Microsoft Visual Studio Solution File, Format Version 12.00
# Visual Studio Version 17
VisualStudioVersion = 17.13.35806.99 d17.13
MinimumVisualStudioVersion = 10.0.40219.1
Project("{FAE04EC0-301F-11D3-BF4B-00C04F79EFBC}") = "KeyVaultAlertFunction", "KeyVaultAlertFunction.csproj", "{0CEC9BD8-EB93-1754-A3DE-CAD42D052605}"
EndProject
Global
	GlobalSection(SolutionConfigurationPlatforms) = preSolution
		Debug|Any CPU = Debug|Any CPU
		Release|Any CPU = Release|Any CPU
	EndGlobalSection
	GlobalSection(ProjectConfigurationPlatforms) = postSolution
		{0CEC9BD8-EB93-1754-A3DE-CAD42D052605}.Debug|Any CPU.ActiveCfg = Debug|Any CPU
		{0CEC9BD8-EB93-1754-A3DE-CAD42D052605}.Debug|Any CPU.Build.0 = Debug|Any CPU
		{0CEC9BD8-EB93-1754-A3DE-CAD42D052605}.Release|Any CPU.ActiveCfg = Release|Any CPU
		{0CEC9BD8-EB93-1754-A3DE-CAD42D052605}.Release|Any CPU.Build.0 = Release|Any CPU
	EndGlobalSection
	GlobalSection(SolutionProperties) = preSolution
		HideSolutionNode = FALSE
	EndGlobalSection
	GlobalSection(ExtensibilityGlobals) = postSolution
		SolutionGuid = {0136F334-BB7A-4D1F-8B3C-E2E8C9761222}
	EndGlobalSection
EndGlobal
